
Microsoft Visual Studio Solution File, Format Version 12.00
# Visual Studio Version 17
VisualStudioVersion = 17.11.35327.3
MinimumVisualStudioVersion = 10.0.40219.1
Project("{FAE04EC0-301F-11D3-BF4B-00C04F79EFBC}") = "BlobTrigger", "BlobTrigger\BlobTrigger.csproj", "{B42CB672-1947-4B72-8E50-CECD889EC677}"
EndProject
Global
	GlobalSection(SolutionConfigurationPlatforms) = preSolution
		Debug|Any CPU = Debug|Any CPU
		Release|Any CPU = Release|Any CPU
	EndGlobalSection
	GlobalSection(ProjectConfigurationPlatforms) = postSolution
		{B42CB672-1947-4B72-8E50-CECD889EC677}.Debug|Any CPU.ActiveCfg = Debug|Any CPU
		{B42CB672-1947-4B72-8E50-CECD889EC677}.Debug|Any CPU.Build.0 = Debug|Any CPU
		{B42CB672-1947-4B72-8E50-CECD889EC677}.Release|Any CPU.ActiveCfg = Release|Any CPU
		{B42CB672-1947-4B72-8E50-CECD889EC677}.Release|Any CPU.Build.0 = Release|Any CPU
	EndGlobalSection
	GlobalSection(SolutionProperties) = preSolution
		HideSolutionNode = FALSE
	EndGlobalSection
	GlobalSection(ExtensibilityGlobals) = postSolution
		SolutionGuid = {012E64B4-A499-4F2E-BAA8-3FACBF73591D}
	EndGlobalSection
EndGlobal
